
Microsoft Visual Studio Solution File, Format Version 12.00
# Visual Studio Version 16
VisualStudioVersion = 16.0.32106.194
MinimumVisualStudioVersion = 10.0.40219.1
Project("{FAE04EC0-301F-11D3-BF4B-00C04F79EFBC}") = "mvcAdmingirisli", "mvcAdmingirisli\mvcAdmingirisli.csproj", "{B70D2957-FEF4-4240-9A73-3F7C3CE7BE3D}"
EndProject
Global
	GlobalSection(SolutionConfigurationPlatforms) = preSolution
		Debug|Any CPU = Debug|Any CPU
		Release|Any CPU = Release|Any CPU
	EndGlobalSection
	GlobalSection(ProjectConfigurationPlatforms) = postSolution
		{B70D2957-FEF4-4240-9A73-3F7C3CE7BE3D}.Debug|Any CPU.ActiveCfg = Debug|Any CPU
		{B70D2957-FEF4-4240-9A73-3F7C3CE7BE3D}.Debug|Any CPU.Build.0 = Debug|Any CPU
		{B70D2957-FEF4-4240-9A73-3F7C3CE7BE3D}.Release|Any CPU.ActiveCfg = Release|Any CPU
		{B70D2957-FEF4-4240-9A73-3F7C3CE7BE3D}.Release|Any CPU.Build.0 = Release|Any CPU
	EndGlobalSection
	GlobalSection(SolutionProperties) = preSolution
		HideSolutionNode = FALSE
	EndGlobalSection
	GlobalSection(ExtensibilityGlobals) = postSolution
		SolutionGuid = {015512FD-F443-427E-A1CF-C8A18E37DE8E}
	EndGlobalSection
EndGlobal
